<?xml version="1.0" encoding="utf-8"?>
<Project ToolsVersion="4.0" xmlns="http://schemas.microsoft.com/developer/msbuild/2003">
  <ItemGroup>
    <Filter Include="Source Files">
      <UniqueIdentifier>{4FC737F1-C7A5-4376-A066-2A32D752A2FF}</UniqueIdentifier>
      <Extensions>cpp;c;cc;cxx;def;odl;idl;hpj;bat;asm;asmx</Extensions>
    </Filter>
    <Filter Include="Header Files">
      <UniqueIdentifier>{93995380-89BD-4b04-88EB-625FBE52EBFB}</UniqueIdentifier>
      <Extensions>h;hh;hpp;hxx;hm;inl;inc;ipp;xsd</Extensions>
    </Filter>
    <Filter Include="Resource Files">
      <UniqueIdentifier>{67DA6AB6-F800-4c08-8B7A-83BB121AAD01}</UniqueIdentifier>
      <Extensions>rc;ico;cur;bmp;dlg;rc2;rct;bin;rgs;gif;jpg;jpeg;jpe;resx;tiff;tif;png;wav;mfcribbon-ms</Extensions>
    </Filter>
    <Filter Include="Header Files\Components">
      <UniqueIdentifier>{23703fdc-e452-4ca1-acaf-2fff85d5b5f2}</UniqueIdentifier>
    </Filter>
    <Filter Include="Header Files\Models">
      <UniqueIdentifier>{352d0c05-c9f0-4881-a480-1b0a86e43dfd}</UniqueIdentifier>
    </Filter>
    <Filter Include="Source Files\Components">
      <UniqueIdentifier>{363a002a-fd86-48d7-bfdd-9c0714c7daec}</UniqueIdentifier>
    </Filter>
    <Filter Include="Source Files\Model">
      <UniqueIdentifier>{afb317d4-4939-44d7-a65c-13042f00e43b}</UniqueIdentifier>
    </Filter>
    <Filter Include="Source Files\Root">
      <UniqueIdentifier>{763fc6fd-f00b-49d5-a8f7-198d071c374c}</UniqueIdentifier>
    </Filter>
    <Filter Include="Header Files\Root">
      <UniqueIdentifier>{e713f1a4-1fe9-449d-832c-210c4f98f740}</UniqueIdentifier>
    </Filter>
  </ItemGroup>
  <ItemGroup>
    <ClCompile Include="game.cpp">
      <Filter>Source Files</Filter>
    </ClCompile>
    <ClCompile Include="ColliderComponent.cpp">
      <Filter>Source Files\Components</Filter>
    </ClCompile>
    <ClCompile Include="MoveComponent.cpp">
      <Filter>Source Files\Components</Filter>
    </ClCompile>
    <ClCompile Include="RenderComponent.cpp">
      <Filter>Source Files\Components</Filter>
    </ClCompile>
    <ClCompile Include="RenderModel.cpp">
      <Filter>Source Files\Model</Filter>
    </ClCompile>
    <ClCompile Include="Actor.cpp">
      <Filter>Source Files\Root</Filter>
    </ClCompile>
    <ClCompile Include="Time.cpp">
      <Filter>Source Files\Root</Filter>
    </ClCompile>
    <ClCompile Include="Transform.cpp">
      <Filter>Source Files\Root</Filter>
    </ClCompile>
    <ClCompile Include="Vector2.cpp">
      <Filter>Source Files\Root</Filter>
    </ClCompile>
  </ItemGroup>
  <ItemGroup>
    <ClInclude Include="AbstractComponent.h">
      <Filter>Header Files\Components</Filter>
    </ClInclude>
    <ClInclude Include="ColliderComponent.h">
      <Filter>Header Files\Components</Filter>
    </ClInclude>
    <ClInclude Include="RenderComponent.h">
      <Filter>Header Files\Components</Filter>
    </ClInclude>
    <ClInclude Include="MoveComponent.h">
      <Filter>Header Files\Components</Filter>
    </ClInclude>
    <ClInclude Include="RenderModel.h">
      <Filter>Header Files\Models</Filter>
    </ClInclude>
    <ClInclude Include="ColliderComponentData.h">
      <Filter>Header Files\Models</Filter>
    </ClInclude>
    <ClInclude Include="Actor.h">
      <Filter>Header Files\Root</Filter>
    </ClInclude>
    <ClInclude Include="ActorType.h">
      <Filter>Header Files\Root</Filter>
    </ClInclude>
    <ClInclude Include="Input.h">
      <Filter>Header Files\Root</Filter>
    </ClInclude>
    <ClInclude Include="Time.h">
      <Filter>Header Files\Root</Filter>
    </ClInclude>
    <ClInclude Include="Transform.h">
      <Filter>Header Files\Root</Filter>
    </ClInclude>
    <ClInclude Include="World.h">
      <Filter>Header Files\Root</Filter>
    </ClInclude>
    <ClInclude Include="Vector2.h">
      <Filter>Header Files\Root</Filter>
    </ClInclude>
  </ItemGroup>
</Project>